// !$*UTF8*$!
{
	archiveVersion = 1;
	classes = {
	};
	objectVersion = 51;
	objects = {

/* Begin PBXBuildFile section */
		065B814C22AD156C00CAE31C /* FadeEnabledBtn.swift in Sources */ = {isa = PBXBuildFile; fileRef = 065B814B22AD156C00CAE31C /* FadeEnabledBtn.swift */; };
		065B814E22AD1B6600CAE31C /* HomeWorldVC.swift in Sources */ = {isa = PBXBuildFile; fileRef = 065B814D22AD1B6600CAE31C /* HomeWorldVC.swift */; };
		065B815022AD1B7700CAE31C /* VehiclesVC.swift in Sources */ = {isa = PBXBuildFile; fileRef = 065B814F22AD1B7700CAE31C /* VehiclesVC.swift */; };
		065B815222AD1B9E00CAE31C /* StarShipsVC.swift in Sources */ = {isa = PBXBuildFile; fileRef = 065B815122AD1B9E00CAE31C /* StarShipsVC.swift */; };
		065B815422AD1BB400CAE31C /* FilmsVC.swift in Sources */ = {isa = PBXBuildFile; fileRef = 065B815322AD1BB400CAE31C /* FilmsVC.swift */; };
		065B815622AD2CEE00CAE31C /* Homeworld.swift in Sources */ = {isa = PBXBuildFile; fileRef = 065B815522AD2CEE00CAE31C /* Homeworld.swift */; };
		065B815822AD2D3F00CAE31C /* HomeworldApi.swift in Sources */ = {isa = PBXBuildFile; fileRef = 065B815722AD2D3F00CAE31C /* HomeworldApi.swift */; };
		068774122272203100E45029 /* AppDelegate.swift in Sources */ = {isa = PBXBuildFile; fileRef = 068774112272203100E45029 /* AppDelegate.swift */; };
		068774142272203100E45029 /* SelectPersonVC.swift in Sources */ = {isa = PBXBuildFile; fileRef = 068774132272203100E45029 /* SelectPersonVC.swift */; };
		068774172272203100E45029 /* Main.storyboard in Resources */ = {isa = PBXBuildFile; fileRef = 068774152272203100E45029 /* Main.storyboard */; };
		068774192272203200E45029 /* Assets.xcassets in Resources */ = {isa = PBXBuildFile; fileRef = 068774182272203200E45029 /* Assets.xcassets */; };
		0687741C2272203200E45029 /* LaunchScreen.storyboard in Resources */ = {isa = PBXBuildFile; fileRef = 0687741A2272203200E45029 /* LaunchScreen.storyboard */; };
		068774292272236F00E45029 /* Starjout.ttf in Resources */ = {isa = PBXBuildFile; fileRef = 068774262272236E00E45029 /* Starjout.ttf */; };
		0687742A2272236F00E45029 /* Starjedi.ttf in Resources */ = {isa = PBXBuildFile; fileRef = 068774272272236E00E45029 /* Starjedi.ttf */; };
		0687742B2272236F00E45029 /* Starjhol.ttf in Resources */ = {isa = PBXBuildFile; fileRef = 068774282272236F00E45029 /* Starjhol.ttf */; };
		0687742F22722F2500E45029 /* BlackBackground.swift in Sources */ = {isa = PBXBuildFile; fileRef = 0687742E22722F2500E45029 /* BlackBackground.swift */; };
		0687743222722FC800E45029 /* Constants.swift in Sources */ = {isa = PBXBuildFile; fileRef = 0687743122722FC800E45029 /* Constants.swift */; };
		0687743522723A4100E45029 /* PersonApi.swift in Sources */ = {isa = PBXBuildFile; fileRef = 0687743422723A4100E45029 /* PersonApi.swift */; };
		06877437227247CA00E45029 /* Person.swift in Sources */ = {isa = PBXBuildFile; fileRef = 06877436227247CA00E45029 /* Person.swift */; };
		F93C3A6A71B1E3DAB3F8F7C8 /* Pods_StarTrivia.framework in Frameworks */ = {isa = PBXBuildFile; fileRef = 01AFF6A7FABF34D2CF2B8FF5 /* Pods_StarTrivia.framework */; };
/* End PBXBuildFile section */

/* Begin PBXFileReference section */
		01AFF6A7FABF34D2CF2B8FF5 /* Pods_StarTrivia.framework */ = {isa = PBXFileReference; explicitFileType = wrapper.framework; includeInIndex = 0; path = Pods_StarTrivia.framework; sourceTree = BUILT_PRODUCTS_DIR; };
		065B814B22AD156C00CAE31C /* FadeEnabledBtn.swift */ = {isa = PBXFileReference; lastKnownFileType = sourcecode.swift; path = FadeEnabledBtn.swift; sourceTree = "<group>"; };
		065B814D22AD1B6600CAE31C /* HomeWorldVC.swift */ = {isa = PBXFileReference; lastKnownFileType = sourcecode.swift; path = HomeWorldVC.swift; sourceTree = "<group>"; };
		065B814F22AD1B7700CAE31C /* VehiclesVC.swift */ = {isa = PBXFileReference; lastKnownFileType = sourcecode.swift; path = VehiclesVC.swift; sourceTree = "<group>"; };
		065B815122AD1B9E00CAE31C /* StarShipsVC.swift */ = {isa = PBXFileReference; lastKnownFileType = sourcecode.swift; path = StarShipsVC.swift; sourceTree = "<group>"; };
		065B815322AD1BB400CAE31C /* FilmsVC.swift */ = {isa = PBXFileReference; lastKnownFileType = sourcecode.swift; path = FilmsVC.swift; sourceTree = "<group>"; };
		065B815522AD2CEE00CAE31C /* Homeworld.swift */ = {isa = PBXFileReference; lastKnownFileType = sourcecode.swift; path = Homeworld.swift; sourceTree = "<group>"; };
		065B815722AD2D3F00CAE31C /* HomeworldApi.swift */ = {isa = PBXFileReference; lastKnownFileType = sourcecode.swift; path = HomeworldApi.swift; sourceTree = "<group>"; };
		0687740E2272203100E45029 /* StarTrivia.app */ = {isa = PBXFileReference; explicitFileType = wrapper.application; includeInIndex = 0; path = StarTrivia.app; sourceTree = BUILT_PRODUCTS_DIR; };
		068774112272203100E45029 /* AppDelegate.swift */ = {isa = PBXFileReference; lastKnownFileType = sourcecode.swift; path = AppDelegate.swift; sourceTree = "<group>"; };
		068774132272203100E45029 /* SelectPersonVC.swift */ = {isa = PBXFileReference; lastKnownFileType = sourcecode.swift; path = SelectPersonVC.swift; sourceTree = "<group>"; };
		068774162272203100E45029 /* Base */ = {isa = PBXFileReference; lastKnownFileType = file.storyboard; name = Base; path = Base.lproj/Main.storyboard; sourceTree = "<group>"; };
		068774182272203200E45029 /* Assets.xcassets */ = {isa = PBXFileReference; lastKnownFileType = folder.assetcatalog; path = Assets.xcassets; sourceTree = "<group>"; };
		0687741B2272203200E45029 /* Base */ = {isa = PBXFileReference; lastKnownFileType = file.storyboard; name = Base; path = Base.lproj/LaunchScreen.storyboard; sourceTree = "<group>"; };
		0687741D2272203200E45029 /* Info.plist */ = {isa = PBXFileReference; lastKnownFileType = text.plist.xml; path = Info.plist; sourceTree = "<group>"; };
		068774262272236E00E45029 /* Starjout.ttf */ = {isa = PBXFileReference; lastKnownFileType = file; path = Starjout.ttf; sourceTree = "<group>"; };
		068774272272236E00E45029 /* Starjedi.ttf */ = {isa = PBXFileReference; lastKnownFileType = file; path = Starjedi.ttf; sourceTree = "<group>"; };
		068774282272236F00E45029 /* Starjhol.ttf */ = {isa = PBXFileReference; lastKnownFileType = file; path = Starjhol.ttf; sourceTree = "<group>"; };
		0687742E22722F2500E45029 /* BlackBackground.swift */ = {isa = PBXFileReference; lastKnownFileType = sourcecode.swift; path = BlackBackground.swift; sourceTree = "<group>"; };
		0687743122722FC800E45029 /* Constants.swift */ = {isa = PBXFileReference; lastKnownFileType = sourcecode.swift; path = Constants.swift; sourceTree = "<group>"; };
		0687743422723A4100E45029 /* PersonApi.swift */ = {isa = PBXFileReference; lastKnownFileType = sourcecode.swift; path = PersonApi.swift; sourceTree = "<group>"; };
		06877436227247CA00E45029 /* Person.swift */ = {isa = PBXFileReference; lastKnownFileType = sourcecode.swift; path = Person.swift; sourceTree = "<group>"; };
		524BE1EDC31440A4D4D9A282 /* Pods-StarTrivia.release.xcconfig */ = {isa = PBXFileReference; includeInIndex = 1; lastKnownFileType = text.xcconfig; name = "Pods-StarTrivia.release.xcconfig"; path = "Pods/Target Support Files/Pods-StarTrivia/Pods-StarTrivia.release.xcconfig"; sourceTree = "<group>"; };
		C5CB9814B1AB3BCE3BAFFA60 /* Pods-StarTrivia.debug.xcconfig */ = {isa = PBXFileReference; includeInIndex = 1; lastKnownFileType = text.xcconfig; name = "Pods-StarTrivia.debug.xcconfig"; path = "Pods/Target Support Files/Pods-StarTrivia/Pods-StarTrivia.debug.xcconfig"; sourceTree = "<group>"; };
/* End PBXFileReference section */

/* Begin PBXFrameworksBuildPhase section */
		0687740B2272203100E45029 /* Frameworks */ = {
			isa = PBXFrameworksBuildPhase;
			buildActionMask = 2147483647;
			files = (
				F93C3A6A71B1E3DAB3F8F7C8 /* Pods_StarTrivia.framework in Frameworks */,
			);
			runOnlyForDeploymentPostprocessing = 0;
		};
/* End PBXFrameworksBuildPhase section */

/* Begin PBXGroup section */
		068774052272203100E45029 = {
			isa = PBXGroup;
			children = (
				068774102272203100E45029 /* StarTrivia */,
				0687740F2272203100E45029 /* Products */,
				5D2D452BDB55EFED970D2030 /* Pods */,
				447B1DE0CC65AD0F1591791E /* Frameworks */,
			);
			sourceTree = "<group>";
		};
		0687740F2272203100E45029 /* Products */ = {
			isa = PBXGroup;
			children = (
				0687740E2272203100E45029 /* StarTrivia.app */,
			);
			name = Products;
			sourceTree = "<group>";
		};
		068774102272203100E45029 /* StarTrivia */ = {
			isa = PBXGroup;
			children = (
				068774232272207200E45029 /* Model */,
				068774242272207E00E45029 /* View */,
				068774252272209600E45029 /* Controller */,
				068774332272395900E45029 /* Services */,
				0687743022722FAE00E45029 /* Utils */,
				0687742D2272238500E45029 /* Resources */,
				068774152272203100E45029 /* Main.storyboard */,
				068774182272203200E45029 /* Assets.xcassets */,
				0687741A2272203200E45029 /* LaunchScreen.storyboard */,
				0687741D2272203200E45029 /* Info.plist */,
			);
			path = StarTrivia;
			sourceTree = "<group>";
		};
		068774232272207200E45029 /* Model */ = {
			isa = PBXGroup;
			children = (
				06877436227247CA00E45029 /* Person.swift */,
				065B815522AD2CEE00CAE31C /* Homeworld.swift */,
			);
			path = Model;
			sourceTree = "<group>";
		};
		068774242272207E00E45029 /* View */ = {
			isa = PBXGroup;
			children = (
				0687742E22722F2500E45029 /* BlackBackground.swift */,
				065B814B22AD156C00CAE31C /* FadeEnabledBtn.swift */,
			);
			path = View;
			sourceTree = "<group>";
		};
		068774252272209600E45029 /* Controller */ = {
			isa = PBXGroup;
			children = (
				068774112272203100E45029 /* AppDelegate.swift */,
				068774132272203100E45029 /* SelectPersonVC.swift */,
				065B814D22AD1B6600CAE31C /* HomeWorldVC.swift */,
				065B814F22AD1B7700CAE31C /* VehiclesVC.swift */,
				065B815122AD1B9E00CAE31C /* StarShipsVC.swift */,
				065B815322AD1BB400CAE31C /* FilmsVC.swift */,
			);
			path = Controller;
			sourceTree = "<group>";
		};
		0687742C2272237700E45029 /* fonts */ = {
			isa = PBXGroup;
			children = (
				068774272272236E00E45029 /* Starjedi.ttf */,
				068774282272236F00E45029 /* Starjhol.ttf */,
				068774262272236E00E45029 /* Starjout.ttf */,
			);
			path = fonts;
			sourceTree = "<group>";
		};
		0687742D2272238500E45029 /* Resources */ = {
			isa = PBXGroup;
			children = (
				0687742C2272237700E45029 /* fonts */,
			);
			path = Resources;
			sourceTree = "<group>";
		};
		0687743022722FAE00E45029 /* Utils */ = {
			isa = PBXGroup;
			children = (
				0687743122722FC800E45029 /* Constants.swift */,
			);
			path = Utils;
			sourceTree = "<group>";
		};
		068774332272395900E45029 /* Services */ = {
			isa = PBXGroup;
			children = (
				0687743422723A4100E45029 /* PersonApi.swift */,
				065B815722AD2D3F00CAE31C /* HomeworldApi.swift */,
			);
			path = Services;
			sourceTree = "<group>";
		};
		447B1DE0CC65AD0F1591791E /* Frameworks */ = {
			isa = PBXGroup;
			children = (
				01AFF6A7FABF34D2CF2B8FF5 /* Pods_StarTrivia.framework */,
			);
			name = Frameworks;
			sourceTree = "<group>";
		};
		5D2D452BDB55EFED970D2030 /* Pods */ = {
			isa = PBXGroup;
			children = (
				C5CB9814B1AB3BCE3BAFFA60 /* Pods-StarTrivia.debug.xcconfig */,
				524BE1EDC31440A4D4D9A282 /* Pods-StarTrivia.release.xcconfig */,
			);
			name = Pods;
			sourceTree = "<group>";
		};
/* End PBXGroup section */

/* Begin PBXNativeTarget section */
		0687740D2272203100E45029 /* StarTrivia */ = {
			isa = PBXNativeTarget;
			buildConfigurationList = 068774202272203200E45029 /* Build configuration list for PBXNativeTarget "StarTrivia" */;
			buildPhases = (
				5CBEAD2FC990B6ECF7FE6300 /* [CP] Check Pods Manifest.lock */,
				0687740A2272203100E45029 /* Sources */,
				0687740B2272203100E45029 /* Frameworks */,
				0687740C2272203100E45029 /* Resources */,
				2FA5D1CC5BA7D831CEF67171 /* [CP] Embed Pods Frameworks */,
			);
			buildRules = (
			);
			dependencies = (
			);
			name = StarTrivia;
			productName = StarTrivia;
			productReference = 0687740E2272203100E45029 /* StarTrivia.app */;
			productType = "com.apple.product-type.application";
		};
/* End PBXNativeTarget section */

/* Begin PBXProject section */
		068774062272203100E45029 /* Project object */ = {
			isa = PBXProject;
			attributes = {
				LastSwiftUpdateCheck = 1020;
				LastUpgradeCheck = 1020;
				ORGANIZATIONNAME = "Pardip Bhatti";
				TargetAttributes = {
					0687740D2272203100E45029 = {
						CreatedOnToolsVersion = 10.2;
					};
				};
			};
			buildConfigurationList = 068774092272203100E45029 /* Build configuration list for PBXProject "StarTrivia" */;
			compatibilityVersion = "Xcode 9.3";
			developmentRegion = en;
			hasScannedForEncodings = 0;
			knownRegions = (
				en,
				Base,
			);
			mainGroup = 068774052272203100E45029;
			productRefGroup = 0687740F2272203100E45029 /* Products */;
			projectDirPath = "";
			projectRoot = "";
			targets = (
				0687740D2272203100E45029 /* StarTrivia */,
			);
		};
/* End PBXProject section */

/* Begin PBXResourcesBuildPhase section */
		0687740C2272203100E45029 /* Resources */ = {
			isa = PBXResourcesBuildPhase;
			buildActionMask = 2147483647;
			files = (
				068774292272236F00E45029 /* Starjout.ttf in Resources */,
				0687742B2272236F00E45029 /* Starjhol.ttf in Resources */,
				0687741C2272203200E45029 /* LaunchScreen.storyboard in Resources */,
				068774192272203200E45029 /* Assets.xcassets in Resources */,
				0687742A2272236F00E45029 /* Starjedi.ttf in Resources */,
				068774172272203100E45029 /* Main.storyboard in Resources */,
			);
			runOnlyForDeploymentPostprocessing = 0;
		};
/* End PBXResourcesBuildPhase section */

/* Begin PBXShellScriptBuildPhase section */
		2FA5D1CC5BA7D831CEF67171 /* [CP] Embed Pods Frameworks */ = {
			isa = PBXShellScriptBuildPhase;
			buildActionMask = 2147483647;
			files = (
			);
			inputFileListPaths = (
				"${PODS_ROOT}/Target Support Files/Pods-StarTrivia/Pods-StarTrivia-frameworks-${CONFIGURATION}-input-files.xcfilelist",
			);
			name = "[CP] Embed Pods Frameworks";
			outputFileListPaths = (
				"${PODS_ROOT}/Target Support Files/Pods-StarTrivia/Pods-StarTrivia-frameworks-${CONFIGURATION}-output-files.xcfilelist",
			);
			runOnlyForDeploymentPostprocessing = 0;
			shellPath = /bin/sh;
			shellScript = "\"${PODS_ROOT}/Target Support Files/Pods-StarTrivia/Pods-StarTrivia-frameworks.sh\"\n";
			showEnvVarsInLog = 0;
		};
		5CBEAD2FC990B6ECF7FE6300 /* [CP] Check Pods Manifest.lock */ = {
			isa = PBXShellScriptBuildPhase;
			buildActionMask = 2147483647;
			files = (
			);
			inputPaths = (
				"${PODS_PODFILE_DIR_PATH}/Podfile.lock",
				"${PODS_ROOT}/Manifest.lock",
			);
			name = "[CP] Check Pods Manifest.lock";
			outputPaths = (
				"$(DERIVED_FILE_DIR)/Pods-StarTrivia-checkManifestLockResult.txt",
			);
			runOnlyForDeploymentPostprocessing = 0;
			shellPath = /bin/sh;
			shellScript = "diff \"${PODS_PODFILE_DIR_PATH}/Podfile.lock\" \"${PODS_ROOT}/Manifest.lock\" > /dev/null\nif [ $? != 0 ] ; then\n    # print error to STDERR\n    echo \"error: The sandbox is not in sync with the Podfile.lock. Run 'pod install' or update your CocoaPods installation.\" >&2\n    exit 1\nfi\n# This output is used by Xcode 'outputs' to avoid re-running this script phase.\necho \"SUCCESS\" > \"${SCRIPT_OUTPUT_FILE_0}\"\n";
			showEnvVarsInLog = 0;
		};
/* End PBXShellScriptBuildPhase section */

/* Begin PBXSourcesBuildPhase section */
		0687740A2272203100E45029 /* Sources */ = {
			isa = PBXSourcesBuildPhase;
			buildActionMask = 2147483647;
			files = (
				065B814C22AD156C00CAE31C /* FadeEnabledBtn.swift in Sources */,
				06877437227247CA00E45029 /* Person.swift in Sources */,
				065B815022AD1B7700CAE31C /* VehiclesVC.swift in Sources */,
				065B815622AD2CEE00CAE31C /* Homeworld.swift in Sources */,
				068774142272203100E45029 /* SelectPersonVC.swift in Sources */,
				065B815822AD2D3F00CAE31C /* HomeworldApi.swift in Sources */,
				0687742F22722F2500E45029 /* BlackBackground.swift in Sources */,
				068774122272203100E45029 /* AppDelegate.swift in Sources */,
				0687743522723A4100E45029 /* PersonApi.swift in Sources */,
				065B814E22AD1B6600CAE31C /* HomeWorldVC.swift in Sources */,
				065B815422AD1BB400CAE31C /* FilmsVC.swift in Sources */,
				065B815222AD1B9E00CAE31C /* StarShipsVC.swift in Sources */,
				0687743222722FC800E45029 /* Constants.swift in Sources */,
			);
			runOnlyForDeploymentPostprocessing = 0;
		};
/* End PBXSourcesBuildPhase section */

/* Begin PBXVariantGroup section */
		068774152272203100E45029 /* Main.storyboard */ = {
			isa = PBXVariantGroup;
			children = (
				068774162272203100E45029 /* Base */,
			);
			name = Main.storyboard;
			sourceTree = "<group>";
		};
		0687741A2272203200E45029 /* LaunchScreen.storyboard */ = {
			isa = PBXVariantGroup;
			children = (
				0687741B2272203200E45029 /* Base */,
			);
			name = LaunchScreen.storyboard;
			sourceTree = "<group>";
		};
/* End PBXVariantGroup section */

/* Begin XCBuildConfiguration section */
		0687741E2272203200E45029 /* Debug */ = {
			isa = XCBuildConfiguration;
			buildSettings = {
				ALWAYS_SEARCH_USER_PATHS = NO;
				CLANG_ANALYZER_NONNULL = YES;
				CLANG_ANALYZER_NUMBER_OBJECT_CONVERSION = YES_AGGRESSIVE;
				CLANG_CXX_LANGUAGE_STANDARD = "gnu++14";
				CLANG_CXX_LIBRARY = "libc++";
				CLANG_ENABLE_MODULES = YES;
				CLANG_ENABLE_OBJC_ARC = YES;
				CLANG_ENABLE_OBJC_WEAK = YES;
				CLANG_WARN_BLOCK_CAPTURE_AUTORELEASING = YES;
				CLANG_WARN_BOOL_CONVERSION = YES;
				CLANG_WARN_COMMA = YES;
				CLANG_WARN_CONSTANT_CONVERSION = YES;
				CLANG_WARN_DEPRECATED_OBJC_IMPLEMENTATIONS = YES;
				CLANG_WARN_DIRECT_OBJC_ISA_USAGE = YES_ERROR;
				CLANG_WARN_DOCUMENTATION_COMMENTS = YES;
				CLANG_WARN_EMPTY_BODY = YES;
				CLANG_WARN_ENUM_CONVERSION = YES;
				CLANG_WARN_INFINITE_RECURSION = YES;
				CLANG_WARN_INT_CONVERSION = YES;
				CLANG_WARN_NON_LITERAL_NULL_CONVERSION = YES;
				CLANG_WARN_OBJC_IMPLICIT_RETAIN_SELF = YES;
				CLANG_WARN_OBJC_LITERAL_CONVERSION = YES;
				CLANG_WARN_OBJC_ROOT_CLASS = YES_ERROR;
				CLANG_WARN_RANGE_LOOP_ANALYSIS = YES;
				CLANG_WARN_STRICT_PROTOTYPES = YES;
				CLANG_WARN_SUSPICIOUS_MOVE = YES;
				CLANG_WARN_UNGUARDED_AVAILABILITY = YES_AGGRESSIVE;
				CLANG_WARN_UNREACHABLE_CODE = YES;
				CLANG_WARN__DUPLICATE_METHOD_MATCH = YES;
				CODE_SIGN_IDENTITY = "iPhone Developer";
				COPY_PHASE_STRIP = NO;
				DEBUG_INFORMATION_FORMAT = dwarf;
				ENABLE_STRICT_OBJC_MSGSEND = YES;
				ENABLE_TESTABILITY = YES;
				GCC_C_LANGUAGE_STANDARD = gnu11;
				GCC_DYNAMIC_NO_PIC = NO;
				GCC_NO_COMMON_BLOCKS = YES;
				GCC_OPTIMIZATION_LEVEL = 0;
				GCC_PREPROCESSOR_DEFINITIONS = (
					"DEBUG=1",
					"$(inherited)",
				);
				GCC_WARN_64_TO_32_BIT_CONVERSION = YES;
				GCC_WARN_ABOUT_RETURN_TYPE = YES_ERROR;
				GCC_WARN_UNDECLARED_SELECTOR = YES;
				GCC_WARN_UNINITIALIZED_AUTOS = YES_AGGRESSIVE;
				GCC_WARN_UNUSED_FUNCTION = YES;
				GCC_WARN_UNUSED_VARIABLE = YES;
				IPHONEOS_DEPLOYMENT_TARGET = 12.2;
				MTL_ENABLE_DEBUG_INFO = INCLUDE_SOURCE;
				MTL_FAST_MATH = YES;
				ONLY_ACTIVE_ARCH = YES;
				SDKROOT = iphoneos;
				SWIFT_ACTIVE_COMPILATION_CONDITIONS = DEBUG;
				SWIFT_OPTIMIZATION_LEVEL = "-Onone";
			};
			name = Debug;
		};
		0687741F2272203200E45029 /* Release */ = {
			isa = XCBuildConfiguration;
			buildSettings = {
				ALWAYS_SEARCH_USER_PATHS = NO;
				CLANG_ANALYZER_NONNULL = YES;
				CLANG_ANALYZER_NUMBER_OBJECT_CONVERSION = YES_AGGRESSIVE;
				CLANG_CXX_LANGUAGE_STANDARD = "gnu++14";
				CLANG_CXX_LIBRARY = "libc++";
				CLANG_ENABLE_MODULES = YES;
				CLANG_ENABLE_OBJC_ARC = YES;
				CLANG_ENABLE_OBJC_WEAK = YES;
				CLANG_WARN_BLOCK_CAPTURE_AUTORELEASING = YES;
				CLANG_WARN_BOOL_CONVERSION = YES;
				CLANG_WARN_COMMA = YES;
				CLANG_WARN_CONSTANT_CONVERSION = YES;
				CLANG_WARN_DEPRECATED_OBJC_IMPLEMENTATIONS = YES;
				CLANG_WARN_DIRECT_OBJC_ISA_USAGE = YES_ERROR;
				CLANG_WARN_DOCUMENTATION_COMMENTS = YES;
				CLANG_WARN_EMPTY_BODY = YES;
				CLANG_WARN_ENUM_CONVERSION = YES;
				CLANG_WARN_INFINITE_RECURSION = YES;
				CLANG_WARN_INT_CONVERSION = YES;
				CLANG_WARN_NON_LITERAL_NULL_CONVERSION = YES;
				CLANG_WARN_OBJC_IMPLICIT_RETAIN_SELF = YES;
				CLANG_WARN_OBJC_LITERAL_CONVERSION = YES;
				CLANG_WARN_OBJC_ROOT_CLASS = YES_ERROR;
				CLANG_WARN_RANGE_LOOP_ANALYSIS = YES;
				CLANG_WARN_STRICT_PROTOTYPES = YES;
				CLANG_WARN_SUSPICIOUS_MOVE = YES;
				CLANG_WARN_UNGUARDED_AVAILABILITY = YES_AGGRESSIVE;
				CLANG_WARN_UNREACHABLE_CODE = YES;
				CLANG_WARN__DUPLICATE_METHOD_MATCH = YES;
				CODE_SIGN_IDENTITY = "iPhone Developer";
				COPY_PHASE_STRIP = NO;
				DEBUG_INFORMATION_FORMAT = "dwarf-with-dsym";
				ENABLE_NS_ASSERTIONS = NO;
				ENABLE_STRICT_OBJC_MSGSEND = YES;
				GCC_C_LANGUAGE_STANDARD = gnu11;
				GCC_NO_COMMON_BLOCKS = YES;
				GCC_WARN_64_TO_32_BIT_CONVERSION = YES;
				GCC_WARN_ABOUT_RETURN_TYPE = YES_ERROR;
				GCC_WARN_UNDECLARED_SELECTOR = YES;
				GCC_WARN_UNINITIALIZED_AUTOS = YES_AGGRESSIVE;
				GCC_WARN_UNUSED_FUNCTION = YES;
				GCC_WARN_UNUSED_VARIABLE = YES;
				IPHONEOS_DEPLOYMENT_TARGET = 12.2;
				MTL_ENABLE_DEBUG_INFO = NO;
				MTL_FAST_MATH = YES;
				SDKROOT = iphoneos;
				SWIFT_COMPILATION_MODE = wholemodule;
				SWIFT_OPTIMIZATION_LEVEL = "-O";
				VALIDATE_PRODUCT = YES;
			};
			name = Release;
		};
		068774212272203200E45029 /* Debug */ = {
			isa = XCBuildConfiguration;
			baseConfigurationReference = C5CB9814B1AB3BCE3BAFFA60 /* Pods-StarTrivia.debug.xcconfig */;
			buildSettings = {
				ASSETCATALOG_COMPILER_APPICON_NAME = AppIcon;
				CODE_SIGN_STYLE = Automatic;
				DEVELOPMENT_TEAM = 4XFFP8A6J5;
				INFOPLIST_FILE = StarTrivia/Info.plist;
				LD_RUNPATH_SEARCH_PATHS = (
					"$(inherited)",
					"@executable_path/Frameworks",
				);
				PRODUCT_BUNDLE_IDENTIFIER = com.gpcoders.StarTrivia;
				PRODUCT_NAME = "$(TARGET_NAME)";
				SWIFT_VERSION = 5.0;
				TARGETED_DEVICE_FAMILY = "1,2";
			};
			name = Debug;
		};
		068774222272203200E45029 /* Release */ = {
			isa = XCBuildConfiguration;
			baseConfigurationReference = 524BE1EDC31440A4D4D9A282 /* Pods-StarTrivia.release.xcconfig */;
			buildSettings = {
				ASSETCATALOG_COMPILER_APPICON_NAME = AppIcon;
				CODE_SIGN_STYLE = Automatic;
				DEVELOPMENT_TEAM = 4XFFP8A6J5;
				INFOPLIST_FILE = StarTrivia/Info.plist;
				LD_RUNPATH_SEARCH_PATHS = (
					"$(inherited)",
					"@executable_path/Frameworks",
				);
				PRODUCT_BUNDLE_IDENTIFIER = com.gpcoders.StarTrivia;
				PRODUCT_NAME = "$(TARGET_NAME)";
				SWIFT_VERSION = 5.0;
				TARGETED_DEVICE_FAMILY = "1,2";
			};
			name = Release;
		};
/* End XCBuildConfiguration section */

/* Begin XCConfigurationList section */
		068774092272203100E45029 /* Build configuration list for PBXProject "StarTrivia" */ = {
			isa = XCConfigurationList;
			buildConfigurations = (
				0687741E2272203200E45029 /* Debug */,
				0687741F2272203200E45029 /* Release */,
			);
			defaultConfigurationIsVisible = 0;
			defaultConfigurationName = Release;
		};
		068774202272203200E45029 /* Build configuration list for PBXNativeTarget "StarTrivia" */ = {
			isa = XCConfigurationList;
			buildConfigurations = (
				068774212272203200E45029 /* Debug */,
				068774222272203200E45029 /* Release */,
			);
			defaultConfigurationIsVisible = 0;
			defaultConfigurationName = Release;
		};
/* End XCConfigurationList section */
	};
	rootObject = 068774062272203100E45029 /* Project object */;
}
